{
    "_readme": [
        "This file locks the dependencies of your project to a known state",
        "Read more about it at https://getcomposer.org/doc/01-basic-usage.md#composer-lock-the-lock-file",
        "This file is @generated automatically"
    ],
    "content-hash": "8f65bc79624a8b9f4f34ecf16a1a71a2",
    "packages": [
        {
            "name": "container-interop/container-interop",
            "version": "1.2.0",
            "source": {
                "type": "git",
                "url": "https://github.com/container-interop/container-interop.git",
                "reference": "79cbf1341c22ec75643d841642dd5d6acd83bdb8"
            },
            "dist": {
                "type": "zip",
                "url": "https://api.github.com/repos/container-interop/container-interop/zipball/79cbf1341c22ec75643d841642dd5d6acd83bdb8",
                "reference": "79cbf1341c22ec75643d841642dd5d6acd83bdb8",
                "shasum": ""
            },
            "require": {
                "psr/container": "^1.0"
            },
            "type": "library",
            "autoload": {
                "psr-4": {
                    "Interop\\Container\\": "src/Interop/Container/"
                }
            },
            "notification-url": "https://packagist.org/downloads/",
            "license": [
                "MIT"
            ],
            "description": "Promoting the interoperability of container objects (DIC, SL, etc.)",
            "homepage": "https://github.com/container-interop/container-interop",
            "time": "2017-02-14T19:40:03+00:00"
        },
        {
            "name": "league/iso3166",
            "version": "2.0.0",
            "source": {
                "type": "git",
                "url": "https://github.com/thephpleague/iso3166.git",
                "reference": "81c6a2c9250c2689460e5120a9b5952eedd927b0"
            },
            "dist": {
                "type": "zip",
                "url": "https://api.github.com/repos/thephpleague/iso3166/zipball/81c6a2c9250c2689460e5120a9b5952eedd927b0",
                "reference": "81c6a2c9250c2689460e5120a9b5952eedd927b0",
                "shasum": ""
            },
            "require": {
                "php": "^5.6 || ^7.0"
            },
            "require-dev": {
                "friendsofphp/php-cs-fixer": "^2.0@dev || ^2.0",
                "phpunit/phpunit": "^4.6 || ^5.0"
            },
            "type": "library",
            "extra": {
                "branch-alias": {
                    "dev-master": "2.x-dev"
                }
            },
            "autoload": {
                "psr-4": {
                    "League\\ISO3166\\": "src"
                }
            },
            "notification-url": "https://packagist.org/downloads/",
            "license": [
                "MIT"
            ],
            "authors": [
                {
                    "name": "Rob Bast",
                    "email": "rob.bast@gmail.com"
                }
            ],
            "description": "ISO 3166-1 PHP Library",
            "homepage": "https://github.com/thephpleague/iso3166",
            "keywords": [
                "3166",
                "3166-1",
                "ISO 3166",
                "countries",
                "iso",
                "library"
            ],
            "time": "2017-05-11T11:54:51+00:00"
        },
        {
            "name": "psr/container",
            "version": "1.0.0",
            "source": {
                "type": "git",
                "url": "https://github.com/php-fig/container.git",
                "reference": "b7ce3b176482dbbc1245ebf52b181af44c2cf55f"
            },
            "dist": {
                "type": "zip",
                "url": "https://api.github.com/repos/php-fig/container/zipball/b7ce3b176482dbbc1245ebf52b181af44c2cf55f",
                "reference": "b7ce3b176482dbbc1245ebf52b181af44c2cf55f",
                "shasum": ""
            },
            "require": {
                "php": ">=5.3.0"
            },
            "type": "library",
            "extra": {
                "branch-alias": {
                    "dev-master": "1.0.x-dev"
                }
            },
            "autoload": {
                "psr-4": {
                    "Psr\\Container\\": "src/"
                }
            },
            "notification-url": "https://packagist.org/downloads/",
            "license": [
                "MIT"
            ],
            "authors": [
                {
                    "name": "PHP-FIG",
                    "homepage": "http://www.php-fig.org/"
                }
            ],
            "description": "Common Container Interface (PHP FIG PSR-11)",
            "homepage": "https://github.com/php-fig/container",
            "keywords": [
                "PSR-11",
                "container",
                "container-interface",
                "container-interop",
                "psr"
            ],
            "time": "2017-02-14T16:28:37+00:00"
        },
        {
            "name": "zendframework/zend-filter",
            "version": "2.7.1",
            "source": {
                "type": "git",
                "url": "https://github.com/zendframework/zend-filter.git",
                "reference": "84c50246428efb0a1e52868e162dab3e149d5b80"
            },
            "dist": {
                "type": "zip",
                "url": "https://api.github.com/repos/zendframework/zend-filter/zipball/84c50246428efb0a1e52868e162dab3e149d5b80",
                "reference": "84c50246428efb0a1e52868e162dab3e149d5b80",
                "shasum": ""
            },
            "require": {
                "php": "^5.5 || ^7.0",
                "zendframework/zend-stdlib": "^2.7 || ^3.0"
            },
            "require-dev": {
                "fabpot/php-cs-fixer": "1.7.*",
                "pear/archive_tar": "^1.4",
                "phpunit/phpunit": "~4.0",
                "zendframework/zend-crypt": "^2.6",
                "zendframework/zend-servicemanager": "^2.7.5 || ^3.0.3",
                "zendframework/zend-uri": "^2.5"
            },
            "suggest": {
                "zendframework/zend-crypt": "Zend\\Crypt component, for encryption filters",
                "zendframework/zend-i18n": "Zend\\I18n component for filters depending on i18n functionality",
                "zendframework/zend-servicemanager": "Zend\\ServiceManager component, for using the filter chain functionality",
                "zendframework/zend-uri": "Zend\\Uri component, for the UriNormalize filter"
            },
            "type": "library",
            "extra": {
                "branch-alias": {
                    "dev-master": "2.7-dev",
                    "dev-develop": "2.8-dev"
                },
                "zf": {
                    "component": "Zend\\Filter",
                    "config-provider": "Zend\\Filter\\ConfigProvider"
                }
            },
            "autoload": {
                "psr-4": {
                    "Zend\\Filter\\": "src/"
                }
            },
            "notification-url": "https://packagist.org/downloads/",
            "license": [
                "BSD-3-Clause"
            ],
            "description": "provides a set of commonly needed data filters",
            "homepage": "https://github.com/zendframework/zend-filter",
            "keywords": [
                "filter",
                "zf2"
            ],
            "time": "2016-04-18T18:32:43+00:00"
        },
        {
            "name": "zendframework/zend-form",
            "version": "2.10.0",
            "source": {
                "type": "git",
                "url": "https://github.com/zendframework/zend-form.git",
                "reference": "ca2b2f9e1bdc5511d06967d755cbb793708a2d7b"
            },
            "dist": {
                "type": "zip",
                "url": "https://api.github.com/repos/zendframework/zend-form/zipball/ca2b2f9e1bdc5511d06967d755cbb793708a2d7b",
                "reference": "ca2b2f9e1bdc5511d06967d755cbb793708a2d7b",
                "shasum": ""
            },
            "require": {
                "php": "^5.5 || ^7.0",
                "zendframework/zend-hydrator": "^1.1 || ^2.1",
                "zendframework/zend-inputfilter": "^2.6",
                "zendframework/zend-stdlib": "^2.7 || ^3.0"
            },
            "require-dev": {
                "doctrine/annotations": "~1.0",
                "phpunit/phpunit": "^4.8",
                "zendframework/zend-cache": "^2.6.1",
                "zendframework/zend-captcha": "^2.7.1",
                "zendframework/zend-code": "^2.6 || ^3.0",
                "zendframework/zend-coding-standard": "~1.0.0",
                "zendframework/zend-escaper": "^2.5",
                "zendframework/zend-eventmanager": "^2.6.2 || ^3.0",
                "zendframework/zend-filter": "^2.6",
                "zendframework/zend-i18n": "^2.6",
                "zendframework/zend-servicemanager": "^2.7.5 || ^3.0.3",
                "zendframework/zend-session": "^2.6.2",
                "zendframework/zend-text": "^2.6",
                "zendframework/zend-validator": "^2.6",
                "zendframework/zend-view": "^2.6.2",
                "zendframework/zendservice-recaptcha": "^3.0.0"
            },
            "suggest": {
                "zendframework/zend-captcha": "^2.7.1, required for using CAPTCHA form elements",
                "zendframework/zend-code": "^2.6 || ^3.0, required to use zend-form annotations support",
                "zendframework/zend-eventmanager": "^2.6.2 || ^3.0, reuired for zend-form annotations support",
                "zendframework/zend-i18n": "^2.6, required when using zend-form view helpers",
                "zendframework/zend-servicemanager": "^2.7.5 || ^3.0.3, required to use the form factories or provide services",
                "zendframework/zend-view": "^2.6.2, required for using the zend-form view helpers",
                "zendframework/zendservice-recaptcha": "in order to use the ReCaptcha form element"
            },
            "type": "library",
            "extra": {
                "branch-alias": {
                    "dev-master": "2.10-dev",
                    "dev-develop": "2.11-dev"
                },
                "zf": {
                    "component": "Zend\\Form",
                    "config-provider": "Zend\\Form\\ConfigProvider"
                }
            },
            "autoload": {
                "psr-4": {
                    "Zend\\Form\\": "src/"
                },
                "files": [
                    "autoload/formElementManagerPolyfill.php"
                ]
            },
            "notification-url": "https://packagist.org/downloads/",
            "license": [
                "BSD-3-Clause"
            ],
            "homepage": "https://github.com/zendframework/zend-form",
            "keywords": [
                "form",
                "zf2"
            ],
            "time": "2017-02-23T16:03:25+00:00"
        },
        {
            "name": "zendframework/zend-hydrator",
            "version": "2.2.1",
            "source": {
                "type": "git",
                "url": "https://github.com/zendframework/zend-hydrator.git",
                "reference": "0ac0d3e569781f1895670b0c8d0dc7f25b8a3182"
            },
            "dist": {
                "type": "zip",
                "url": "https://api.github.com/repos/zendframework/zend-hydrator/zipball/0ac0d3e569781f1895670b0c8d0dc7f25b8a3182",
                "reference": "0ac0d3e569781f1895670b0c8d0dc7f25b8a3182",
                "shasum": ""
            },
            "require": {
                "php": "^5.5 || ^7.0",
                "zendframework/zend-stdlib": "^3.0"
            },
            "require-dev": {
                "phpunit/phpunit": "^4.5",
                "squizlabs/php_codesniffer": "^2.3.1",
                "zendframework/zend-eventmanager": "^3.0",
                "zendframework/zend-filter": "^2.6",
                "zendframework/zend-inputfilter": "^2.6",
                "zendframework/zend-serializer": "^2.6.1",
                "zendframework/zend-servicemanager": "^2.7.5 || ^3.0.3"
            },
            "suggest": {
                "zendframework/zend-eventmanager": "^2.6.2 || ^3.0, to support aggregate hydrator usage",
                "zendframework/zend-filter": "^2.6, to support naming strategy hydrator usage",
                "zendframework/zend-serializer": "^2.6.1, to use the SerializableStrategy",
                "zendframework/zend-servicemanager": "^2.7.5 || ^3.0.3, to support hydrator plugin manager usage"
            },
            "type": "library",
            "extra": {
                "branch-alias": {
                    "dev-release-1.0": "1.0-dev",
                    "dev-release-1.1": "1.1-dev",
                    "dev-master": "2.2-dev",
                    "dev-develop": "2.3-dev"
                },
                "zf": {
                    "component": "Zend\\Hydrator",
                    "config-provider": "Zend\\Hydrator\\ConfigProvider"
                }
            },
            "autoload": {
                "psr-4": {
                    "Zend\\Hydrator\\": "src/"
                }
            },
            "notification-url": "https://packagist.org/downloads/",
            "license": [
                "BSD-3-Clause"
            ],
            "homepage": "https://github.com/zendframework/zend-hydrator",
            "keywords": [
                "hydrator",
                "zf2"
            ],
            "time": "2016-04-18T17:59:29+00:00"
        },
        {
            "name": "zendframework/zend-inputfilter",
            "version": "2.7.3",
            "source": {
                "type": "git",
                "url": "https://github.com/zendframework/zend-inputfilter.git",
                "reference": "0cf1bdcd8858a8583965310a7dae63ad75bd1237"
            },
            "dist": {
                "type": "zip",
                "url": "https://api.github.com/repos/zendframework/zend-inputfilter/zipball/0cf1bdcd8858a8583965310a7dae63ad75bd1237",
                "reference": "0cf1bdcd8858a8583965310a7dae63ad75bd1237",
                "shasum": ""
            },
            "require": {
                "php": "^5.5 || ^7.0",
                "zendframework/zend-filter": "^2.6",
                "zendframework/zend-stdlib": "^2.7 || ^3.0",
                "zendframework/zend-validator": "^2.6"
            },
            "require-dev": {
                "phpunit/phpunit": "^4.8",
                "squizlabs/php_codesniffer": "^2.6.2",
                "zendframework/zend-servicemanager": "^2.7.5 || ^3.0.3"
            },
            "suggest": {
                "zendframework/zend-servicemanager": "To support plugin manager support"
            },
            "type": "library",
            "extra": {
                "branch-alias": {
                    "dev-master": "2.7-dev",
                    "dev-develop": "2.8-dev"
                },
                "zf": {
                    "component": "Zend\\InputFilter",
                    "config-provider": "Zend\\InputFilter\\ConfigProvider"
                }
            },
            "autoload": {
                "psr-4": {
                    "Zend\\InputFilter\\": "src/"
                }
            },
            "notification-url": "https://packagist.org/downloads/",
            "license": [
                "BSD-3-Clause"
            ],
            "homepage": "https://github.com/zendframework/zend-inputfilter",
            "keywords": [
                "inputfilter",
                "zf2"
            ],
            "time": "2016-08-18T18:40:34+00:00"
        },
        {
            "name": "zendframework/zend-stdlib",
            "version": "3.1.0",
            "source": {
                "type": "git",
                "url": "https://github.com/zendframework/zend-stdlib.git",
                "reference": "debedcfc373a293f9250cc9aa03cf121428c8e78"
            },
            "dist": {
                "type": "zip",
                "url": "https://api.github.com/repos/zendframework/zend-stdlib/zipball/debedcfc373a293f9250cc9aa03cf121428c8e78",
                "reference": "debedcfc373a293f9250cc9aa03cf121428c8e78",
                "shasum": ""
            },
            "require": {
                "php": "^5.6 || ^7.0"
            },
            "require-dev": {
                "athletic/athletic": "~0.1",
                "phpunit/phpunit": "~4.0",
                "squizlabs/php_codesniffer": "^2.6.2"
            },
            "type": "library",
            "extra": {
                "branch-alias": {
                    "dev-master": "3.1-dev",
                    "dev-develop": "3.2-dev"
                }
            },
            "autoload": {
                "psr-4": {
                    "Zend\\Stdlib\\": "src/"
                }
            },
            "notification-url": "https://packagist.org/downloads/",
            "license": [
                "BSD-3-Clause"
            ],
            "homepage": "https://github.com/zendframework/zend-stdlib",
            "keywords": [
                "stdlib",
                "zf2"
            ],
            "time": "2016-09-13T14:38:50+00:00"
        },
        {
            "name": "zendframework/zend-validator",
            "version": "2.9.0",
            "source": {
                "type": "git",
                "url": "https://github.com/zendframework/zend-validator.git",
                "reference": "b71641582297eab52753b72cd4eb45a5ded4485c"
            },
            "dist": {
                "type": "zip",
                "url": "https://api.github.com/repos/zendframework/zend-validator/zipball/b71641582297eab52753b72cd4eb45a5ded4485c",
                "reference": "b71641582297eab52753b72cd4eb45a5ded4485c",
                "shasum": ""
            },
            "require": {
                "container-interop/container-interop": "^1.1",
                "php": "^5.6 || ^7.0",
                "zendframework/zend-stdlib": "^2.7.6 || ^3.1"
            },
            "require-dev": {
                "phpunit/phpunit": "^6.0.8 || ^5.7.15",
                "zendframework/zend-cache": "^2.6.1",
                "zendframework/zend-coding-standard": "~1.0.0",
                "zendframework/zend-config": "^2.6",
                "zendframework/zend-db": "^2.7",
                "zendframework/zend-filter": "^2.6",
                "zendframework/zend-http": "^2.5.4",
                "zendframework/zend-i18n": "^2.6",
                "zendframework/zend-math": "^2.6",
                "zendframework/zend-servicemanager": "^2.7.5 || ^3.0.3",
                "zendframework/zend-session": "^2.6.2",
                "zendframework/zend-uri": "^2.5"
            },
            "suggest": {
                "zendframework/zend-db": "Zend\\Db component, required by the (No)RecordExists validator",
                "zendframework/zend-filter": "Zend\\Filter component, required by the Digits validator",
                "zendframework/zend-i18n": "Zend\\I18n component to allow translation of validation error messages",
                "zendframework/zend-i18n-resources": "Translations of validator messages",
                "zendframework/zend-math": "Zend\\Math component, required by the Csrf validator",
                "zendframework/zend-servicemanager": "Zend\\ServiceManager component to allow using the ValidatorPluginManager and validator chains",
                "zendframework/zend-session": "Zend\\Session component, required by the Csrf validator",
                "zendframework/zend-uri": "Zend\\Uri component, required by the Uri and Sitemap\\Loc validators"
            },
            "type": "library",
            "extra": {
                "branch-alias": {
                    "dev-master": "2.9-dev",
                    "dev-develop": "2.10-dev"
                },
                "zf": {
                    "component": "Zend\\Validator",
                    "config-provider": "Zend\\Validator\\ConfigProvider"
                }
            },
            "autoload": {
                "psr-4": {
                    "Zend\\Validator\\": "src/"
                }
            },
            "notification-url": "https://packagist.org/downloads/",
            "license": [
                "BSD-3-Clause"
            ],
            "description": "provides a set of commonly needed validators",
            "homepage": "https://github.com/zendframework/zend-validator",
            "keywords": [
                "validator",
                "zf2"
            ],
            "time": "2017-03-17T10:15:50+00:00"
        }
    ],
    "packages-dev": [],
    "aliases": [],
    "minimum-stability": "stable",
    "stability-flags": [],
    "prefer-stable": false,
    "prefer-lowest": false,
    "platform": {
        "php": ">=5.6"
    },
    "platform-dev": []
}
